// !$*UTF8*$!
{
	archiveVersion = 1;
	classes = {
	};
	objectVersion = 56;
	objects = {

/* Begin PBXBuildFile section */
		8052C8442A1D21B1000A7D7C /* LumoDrinApp.swift in Sources */ = {isa = PBXBuildFile; fileRef = 8052C8432A1D21B1000A7D7C /* LumoDrinApp.swift */; };
		8052C8462A1D21B1000A7D7C /* ContentView.swift in Sources */ = {isa = PBXBuildFile; fileRef = 8052C8452A1D21B1000A7D7C /* ContentView.swift */; };
		8052C8482A1D21B2000A7D7C /* Assets.xcassets in Resources */ = {isa = PBXBuildFile; fileRef = 8052C8472A1D21B2000A7D7C /* Assets.xcassets */; };
		8052C84B2A1D21B2000A7D7C /* Preview Assets.xcassets in Resources */ = {isa = PBXBuildFile; fileRef = 8052C84A2A1D21B2000A7D7C /* Preview Assets.xcassets */; };
		8052C8552A1D21B2000A7D7C /* LumoDrinTests.swift in Sources */ = {isa = PBXBuildFile; fileRef = 8052C8542A1D21B2000A7D7C /* LumoDrinTests.swift */; };
		8052C85F2A1D21B2000A7D7C /* LumoDrinUITests.swift in Sources */ = {isa = PBXBuildFile; fileRef = 8052C85E2A1D21B2000A7D7C /* LumoDrinUITests.swift */; };
		8052C8612A1D21B2000A7D7C /* LumoDrinUITestsLaunchTests.swift in Sources */ = {isa = PBXBuildFile; fileRef = 8052C8602A1D21B2000A7D7C /* LumoDrinUITestsLaunchTests.swift */; };
		806F60662A1D4346001B4B08 /* Aclonica-Regular.ttf in Resources */ = {isa = PBXBuildFile; fileRef = 806F60652A1D4346001B4B08 /* Aclonica-Regular.ttf */; };
		806F60692A1D4758001B4B08 /* Akshar-VariableFont_wght.ttf in Resources */ = {isa = PBXBuildFile; fileRef = 806F60682A1D4758001B4B08 /* Akshar-VariableFont_wght.ttf */; };
		80AD057C2A1DD74F009BC965 /* ProductPage.swift in Sources */ = {isa = PBXBuildFile; fileRef = 80AD057B2A1DD74F009BC965 /* ProductPage.swift */; };
		80AD057F2A1DE7DD009BC965 /* Product.swift in Sources */ = {isa = PBXBuildFile; fileRef = 80AD057E2A1DE7DD009BC965 /* Product.swift */; };
		80AD05822A1DED97009BC965 /* ProductCard.swift in Sources */ = {isa = PBXBuildFile; fileRef = 80AD05812A1DED97009BC965 /* ProductCard.swift */; };
		80E0E7692A1FBD49002CB2FB /* CartButton.swift in Sources */ = {isa = PBXBuildFile; fileRef = 80E0E7682A1FBD49002CB2FB /* CartButton.swift */; };
/* End PBXBuildFile section */

/* Begin PBXContainerItemProxy section */
		8052C8512A1D21B2000A7D7C /* PBXContainerItemProxy */ = {
			isa = PBXContainerItemProxy;
			containerPortal = 8052C8382A1D21B1000A7D7C /* Project object */;
			proxyType = 1;
			remoteGlobalIDString = 8052C83F2A1D21B1000A7D7C;
			remoteInfo = LumoDrin;
		};
		8052C85B2A1D21B2000A7D7C /* PBXContainerItemProxy */ = {
			isa = PBXContainerItemProxy;
			containerPortal = 8052C8382A1D21B1000A7D7C /* Project object */;
			proxyType = 1;
			remoteGlobalIDString = 8052C83F2A1D21B1000A7D7C;
			remoteInfo = LumoDrin;
		};
/* End PBXContainerItemProxy section */

/* Begin PBXFileReference section */
		8052C8402A1D21B1000A7D7C /* LumoDrin.app */ = {isa = PBXFileReference; explicitFileType = wrapper.application; includeInIndex = 0; path = LumoDrin.app; sourceTree = BUILT_PRODUCTS_DIR; };
		8052C8432A1D21B1000A7D7C /* LumoDrinApp.swift */ = {isa = PBXFileReference; lastKnownFileType = sourcecode.swift; path = LumoDrinApp.swift; sourceTree = "<group>"; };
		8052C8452A1D21B1000A7D7C /* ContentView.swift */ = {isa = PBXFileReference; lastKnownFileType = sourcecode.swift; path = ContentView.swift; sourceTree = "<group>"; };
		8052C8472A1D21B2000A7D7C /* Assets.xcassets */ = {isa = PBXFileReference; lastKnownFileType = folder.assetcatalog; path = Assets.xcassets; sourceTree = "<group>"; };
		8052C84A2A1D21B2000A7D7C /* Preview Assets.xcassets */ = {isa = PBXFileReference; lastKnownFileType = folder.assetcatalog; path = "Preview Assets.xcassets"; sourceTree = "<group>"; };
		8052C8502A1D21B2000A7D7C /* LumoDrinTests.xctest */ = {isa = PBXFileReference; explicitFileType = wrapper.cfbundle; includeInIndex = 0; path = LumoDrinTests.xctest; sourceTree = BUILT_PRODUCTS_DIR; };
		8052C8542A1D21B2000A7D7C /* LumoDrinTests.swift */ = {isa = PBXFileReference; lastKnownFileType = sourcecode.swift; path = LumoDrinTests.swift; sourceTree = "<group>"; };
		8052C85A2A1D21B2000A7D7C /* LumoDrinUITests.xctest */ = {isa = PBXFileReference; explicitFileType = wrapper.cfbundle; includeInIndex = 0; path = LumoDrinUITests.xctest; sourceTree = BUILT_PRODUCTS_DIR; };
		8052C85E2A1D21B2000A7D7C /* LumoDrinUITests.swift */ = {isa = PBXFileReference; lastKnownFileType = sourcecode.swift; path = LumoDrinUITests.swift; sourceTree = "<group>"; };
		8052C8602A1D21B2000A7D7C /* LumoDrinUITestsLaunchTests.swift */ = {isa = PBXFileReference; lastKnownFileType = sourcecode.swift; path = LumoDrinUITestsLaunchTests.swift; sourceTree = "<group>"; };
		806F60652A1D4346001B4B08 /* Aclonica-Regular.ttf */ = {isa = PBXFileReference; lastKnownFileType = file; path = "Aclonica-Regular.ttf"; sourceTree = "<group>"; };
		806F60672A1D45B3001B4B08 /* Info.plist */ = {isa = PBXFileReference; lastKnownFileType = text.plist; path = Info.plist; sourceTree = "<group>"; };
		806F60682A1D4758001B4B08 /* Akshar-VariableFont_wght.ttf */ = {isa = PBXFileReference; lastKnownFileType = file; path = "Akshar-VariableFont_wght.ttf"; sourceTree = "<group>"; };
		80AD057B2A1DD74F009BC965 /* ProductPage.swift */ = {isa = PBXFileReference; lastKnownFileType = sourcecode.swift; path = ProductPage.swift; sourceTree = "<group>"; };
		80AD057E2A1DE7DD009BC965 /* Product.swift */ = {isa = PBXFileReference; lastKnownFileType = sourcecode.swift; path = Product.swift; sourceTree = "<group>"; };
		80AD05812A1DED97009BC965 /* ProductCard.swift */ = {isa = PBXFileReference; lastKnownFileType = sourcecode.swift; path = ProductCard.swift; sourceTree = "<group>"; };
		80E0E7682A1FBD49002CB2FB /* CartButton.swift */ = {isa = PBXFileReference; lastKnownFileType = sourcecode.swift; path = CartButton.swift; sourceTree = "<group>"; };
/* End PBXFileReference section */

/* Begin PBXFrameworksBuildPhase section */
		8052C83D2A1D21B1000A7D7C /* Frameworks */ = {
			isa = PBXFrameworksBuildPhase;
			buildActionMask = 2147483647;
			files = (
			);
			runOnlyForDeploymentPostprocessing = 0;
		};
		8052C84D2A1D21B2000A7D7C /* Frameworks */ = {
			isa = PBXFrameworksBuildPhase;
			buildActionMask = 2147483647;
			files = (
			);
			runOnlyForDeploymentPostprocessing = 0;
		};
		8052C8572A1D21B2000A7D7C /* Frameworks */ = {
			isa = PBXFrameworksBuildPhase;
			buildActionMask = 2147483647;
			files = (
			);
			runOnlyForDeploymentPostprocessing = 0;
		};
/* End PBXFrameworksBuildPhase section */

/* Begin PBXGroup section */
		8052C8372A1D21B1000A7D7C = {
			isa = PBXGroup;
			children = (
				8052C8422A1D21B1000A7D7C /* LumoDrin */,
				8052C8532A1D21B2000A7D7C /* LumoDrinTests */,
				8052C85D2A1D21B2000A7D7C /* LumoDrinUITests */,
				8052C8412A1D21B1000A7D7C /* Products */,
			);
			sourceTree = "<group>";
		};
		8052C8412A1D21B1000A7D7C /* Products */ = {
			isa = PBXGroup;
			children = (
				8052C8402A1D21B1000A7D7C /* LumoDrin.app */,
				8052C8502A1D21B2000A7D7C /* LumoDrinTests.xctest */,
				8052C85A2A1D21B2000A7D7C /* LumoDrinUITests.xctest */,
			);
			name = Products;
			sourceTree = "<group>";
		};
		8052C8422A1D21B1000A7D7C /* LumoDrin */ = {
			isa = PBXGroup;
			children = (
				806F60672A1D45B3001B4B08 /* Info.plist */,
				8052C8432A1D21B1000A7D7C /* LumoDrinApp.swift */,
				8052C8452A1D21B1000A7D7C /* ContentView.swift */,
				80AD05842A1E2885009BC965 /* Views */,
				80AD05802A1DED2F009BC965 /* Components */,
				80AD057D2A1DE7BC009BC965 /* Models */,
				8052C8472A1D21B2000A7D7C /* Assets.xcassets */,
				806F60642A1D42F5001B4B08 /* Fonts */,
				8052C8492A1D21B2000A7D7C /* Preview Content */,
			);
			path = LumoDrin;
			sourceTree = "<group>";
		};
		8052C8492A1D21B2000A7D7C /* Preview Content */ = {
			isa = PBXGroup;
			children = (
				8052C84A2A1D21B2000A7D7C /* Preview Assets.xcassets */,
			);
			path = "Preview Content";
			sourceTree = "<group>";
		};
		8052C8532A1D21B2000A7D7C /* LumoDrinTests */ = {
			isa = PBXGroup;
			children = (
				8052C8542A1D21B2000A7D7C /* LumoDrinTests.swift */,
			);
			path = LumoDrinTests;
			sourceTree = "<group>";
		};
		8052C85D2A1D21B2000A7D7C /* LumoDrinUITests */ = {
			isa = PBXGroup;
			children = (
				8052C85E2A1D21B2000A7D7C /* LumoDrinUITests.swift */,
				8052C8602A1D21B2000A7D7C /* LumoDrinUITestsLaunchTests.swift */,
			);
			path = LumoDrinUITests;
			sourceTree = "<group>";
		};
		806F60642A1D42F5001B4B08 /* Fonts */ = {
			isa = PBXGroup;
			children = (
				806F60682A1D4758001B4B08 /* Akshar-VariableFont_wght.ttf */,
				806F60652A1D4346001B4B08 /* Aclonica-Regular.ttf */,
			);
			path = Fonts;
			sourceTree = "<group>";
		};
		80AD057D2A1DE7BC009BC965 /* Models */ = {
			isa = PBXGroup;
			children = (
				80AD057E2A1DE7DD009BC965 /* Product.swift */,
			);
			path = Models;
			sourceTree = "<group>";
		};
		80AD05802A1DED2F009BC965 /* Components */ = {
			isa = PBXGroup;
			children = (
				80AD05812A1DED97009BC965 /* ProductCard.swift */,
				80E0E7682A1FBD49002CB2FB /* CartButton.swift */,
			);
			path = Components;
			sourceTree = "<group>";
		};
		80AD05842A1E2885009BC965 /* Views */ = {
			isa = PBXGroup;
			children = (
				80AD057B2A1DD74F009BC965 /* ProductPage.swift */,
			);
			path = Views;
			sourceTree = "<group>";
		};
/* End PBXGroup section */

/* Begin PBXNativeTarget section */
		8052C83F2A1D21B1000A7D7C /* LumoDrin */ = {
			isa = PBXNativeTarget;
			buildConfigurationList = 8052C8642A1D21B2000A7D7C /* Build configuration list for PBXNativeTarget "LumoDrin" */;
			buildPhases = (
				8052C83C2A1D21B1000A7D7C /* Sources */,
				8052C83D2A1D21B1000A7D7C /* Frameworks */,
				8052C83E2A1D21B1000A7D7C /* Resources */,
			);
			buildRules = (
			);
			dependencies = (
			);
			name = LumoDrin;
			productName = LumoDrin;
			productReference = 8052C8402A1D21B1000A7D7C /* LumoDrin.app */;
			productType = "com.apple.product-type.application";
		};
		8052C84F2A1D21B2000A7D7C /* LumoDrinTests */ = {
			isa = PBXNativeTarget;
			buildConfigurationList = 8052C8672A1D21B2000A7D7C /* Build configuration list for PBXNativeTarget "LumoDrinTests" */;
			buildPhases = (
				8052C84C2A1D21B2000A7D7C /* Sources */,
				8052C84D2A1D21B2000A7D7C /* Frameworks */,
				8052C84E2A1D21B2000A7D7C /* Resources */,
			);
			buildRules = (
			);
			dependencies = (
				8052C8522A1D21B2000A7D7C /* PBXTargetDependency */,
			);
			name = LumoDrinTests;
			productName = LumoDrinTests;
			productReference = 8052C8502A1D21B2000A7D7C /* LumoDrinTests.xctest */;
			productType = "com.apple.product-type.bundle.unit-test";
		};
		8052C8592A1D21B2000A7D7C /* LumoDrinUITests */ = {
			isa = PBXNativeTarget;
			buildConfigurationList = 8052C86A2A1D21B2000A7D7C /* Build configuration list for PBXNativeTarget "LumoDrinUITests" */;
			buildPhases = (
				8052C8562A1D21B2000A7D7C /* Sources */,
				8052C8572A1D21B2000A7D7C /* Frameworks */,
				8052C8582A1D21B2000A7D7C /* Resources */,
			);
			buildRules = (
			);
			dependencies = (
				8052C85C2A1D21B2000A7D7C /* PBXTargetDependency */,
			);
			name = LumoDrinUITests;
			productName = LumoDrinUITests;
			productReference = 8052C85A2A1D21B2000A7D7C /* LumoDrinUITests.xctest */;
			productType = "com.apple.product-type.bundle.ui-testing";
		};
/* End PBXNativeTarget section */

/* Begin PBXProject section */
		8052C8382A1D21B1000A7D7C /* Project object */ = {
			isa = PBXProject;
			attributes = {
				BuildIndependentTargetsInParallel = 1;
				LastSwiftUpdateCheck = 1420;
				LastUpgradeCheck = 1420;
				TargetAttributes = {
					8052C83F2A1D21B1000A7D7C = {
						CreatedOnToolsVersion = 14.2;
					};
					8052C84F2A1D21B2000A7D7C = {
						CreatedOnToolsVersion = 14.2;
						TestTargetID = 8052C83F2A1D21B1000A7D7C;
					};
					8052C8592A1D21B2000A7D7C = {
						CreatedOnToolsVersion = 14.2;
						TestTargetID = 8052C83F2A1D21B1000A7D7C;
					};
				};
			};
			buildConfigurationList = 8052C83B2A1D21B1000A7D7C /* Build configuration list for PBXProject "LumoDrin" */;
			compatibilityVersion = "Xcode 14.0";
			developmentRegion = en;
			hasScannedForEncodings = 0;
			knownRegions = (
				en,
				Base,
			);
			mainGroup = 8052C8372A1D21B1000A7D7C;
			productRefGroup = 8052C8412A1D21B1000A7D7C /* Products */;
			projectDirPath = "";
			projectRoot = "";
			targets = (
				8052C83F2A1D21B1000A7D7C /* LumoDrin */,
				8052C84F2A1D21B2000A7D7C /* LumoDrinTests */,
				8052C8592A1D21B2000A7D7C /* LumoDrinUITests */,
			);
		};
/* End PBXProject section */

/* Begin PBXResourcesBuildPhase section */
		8052C83E2A1D21B1000A7D7C /* Resources */ = {
			isa = PBXResourcesBuildPhase;
			buildActionMask = 2147483647;
			files = (
				806F60662A1D4346001B4B08 /* Aclonica-Regular.ttf in Resources */,
				806F60692A1D4758001B4B08 /* Akshar-VariableFont_wght.ttf in Resources */,
				8052C84B2A1D21B2000A7D7C /* Preview Assets.xcassets in Resources */,
				8052C8482A1D21B2000A7D7C /* Assets.xcassets in Resources */,
			);
			runOnlyForDeploymentPostprocessing = 0;
		};
		8052C84E2A1D21B2000A7D7C /* Resources */ = {
			isa = PBXResourcesBuildPhase;
			buildActionMask = 2147483647;
			files = (
			);
			runOnlyForDeploymentPostprocessing = 0;
		};
		8052C8582A1D21B2000A7D7C /* Resources */ = {
			isa = PBXResourcesBuildPhase;
			buildActionMask = 2147483647;
			files = (
			);
			runOnlyForDeploymentPostprocessing = 0;
		};
/* End PBXResourcesBuildPhase section */

/* Begin PBXSourcesBuildPhase section */
		8052C83C2A1D21B1000A7D7C /* Sources */ = {
			isa = PBXSourcesBuildPhase;
			buildActionMask = 2147483647;
			files = (
				80AD057C2A1DD74F009BC965 /* ProductPage.swift in Sources */,
				80AD057F2A1DE7DD009BC965 /* Product.swift in Sources */,
				8052C8462A1D21B1000A7D7C /* ContentView.swift in Sources */,
				80AD05822A1DED97009BC965 /* ProductCard.swift in Sources */,
				8052C8442A1D21B1000A7D7C /* LumoDrinApp.swift in Sources */,
				80E0E7692A1FBD49002CB2FB /* CartButton.swift in Sources */,
			);
			runOnlyForDeploymentPostprocessing = 0;
		};
		8052C84C2A1D21B2000A7D7C /* Sources */ = {
			isa = PBXSourcesBuildPhase;
			buildActionMask = 2147483647;
			files = (
				8052C8552A1D21B2000A7D7C /* LumoDrinTests.swift in Sources */,
			);
			runOnlyForDeploymentPostprocessing = 0;
		};
		8052C8562A1D21B2000A7D7C /* Sources */ = {
			isa = PBXSourcesBuildPhase;
			buildActionMask = 2147483647;
			files = (
				8052C8612A1D21B2000A7D7C /* LumoDrinUITestsLaunchTests.swift in Sources */,
				8052C85F2A1D21B2000A7D7C /* LumoDrinUITests.swift in Sources */,
			);
			runOnlyForDeploymentPostprocessing = 0;
		};
/* End PBXSourcesBuildPhase section */

/* Begin PBXTargetDependency section */
		8052C8522A1D21B2000A7D7C /* PBXTargetDependency */ = {
			isa = PBXTargetDependency;
			target = 8052C83F2A1D21B1000A7D7C /* LumoDrin */;
			targetProxy = 8052C8512A1D21B2000A7D7C /* PBXContainerItemProxy */;
		};
		8052C85C2A1D21B2000A7D7C /* PBXTargetDependency */ = {
			isa = PBXTargetDependency;
			target = 8052C83F2A1D21B1000A7D7C /* LumoDrin */;
			targetProxy = 8052C85B2A1D21B2000A7D7C /* PBXContainerItemProxy */;
		};
/* End PBXTargetDependency section */

/* Begin XCBuildConfiguration section */
		8052C8622A1D21B2000A7D7C /* Debug */ = {
			isa = XCBuildConfiguration;
			buildSettings = {
				ALWAYS_SEARCH_USER_PATHS = NO;
				CLANG_ANALYZER_NONNULL = YES;
				CLANG_ANALYZER_NUMBER_OBJECT_CONVERSION = YES_AGGRESSIVE;
				CLANG_CXX_LANGUAGE_STANDARD = "gnu++20";
				CLANG_ENABLE_MODULES = YES;
				CLANG_ENABLE_OBJC_ARC = YES;
				CLANG_ENABLE_OBJC_WEAK = YES;
				CLANG_WARN_BLOCK_CAPTURE_AUTORELEASING = YES;
				CLANG_WARN_BOOL_CONVERSION = YES;
				CLANG_WARN_COMMA = YES;
				CLANG_WARN_CONSTANT_CONVERSION = YES;
				CLANG_WARN_DEPRECATED_OBJC_IMPLEMENTATIONS = YES;
				CLANG_WARN_DIRECT_OBJC_ISA_USAGE = YES_ERROR;
				CLANG_WARN_DOCUMENTATION_COMMENTS = YES;
				CLANG_WARN_EMPTY_BODY = YES;
				CLANG_WARN_ENUM_CONVERSION = YES;
				CLANG_WARN_INFINITE_RECURSION = YES;
				CLANG_WARN_INT_CONVERSION = YES;
				CLANG_WARN_NON_LITERAL_NULL_CONVERSION = YES;
				CLANG_WARN_OBJC_IMPLICIT_RETAIN_SELF = YES;
				CLANG_WARN_OBJC_LITERAL_CONVERSION = YES;
				CLANG_WARN_OBJC_ROOT_CLASS = YES_ERROR;
				CLANG_WARN_QUOTED_INCLUDE_IN_FRAMEWORK_HEADER = YES;
				CLANG_WARN_RANGE_LOOP_ANALYSIS = YES;
				CLANG_WARN_STRICT_PROTOTYPES = YES;
				CLANG_WARN_SUSPICIOUS_MOVE = YES;
				CLANG_WARN_UNGUARDED_AVAILABILITY = YES_AGGRESSIVE;
				CLANG_WARN_UNREACHABLE_CODE = YES;
				CLANG_WARN__DUPLICATE_METHOD_MATCH = YES;
				COPY_PHASE_STRIP = NO;
				DEBUG_INFORMATION_FORMAT = dwarf;
				ENABLE_STRICT_OBJC_MSGSEND = YES;
				ENABLE_TESTABILITY = YES;
				GCC_C_LANGUAGE_STANDARD = gnu11;
				GCC_DYNAMIC_NO_PIC = NO;
				GCC_NO_COMMON_BLOCKS = YES;
				GCC_OPTIMIZATION_LEVEL = 0;
				GCC_PREPROCESSOR_DEFINITIONS = (
					"DEBUG=1",
					"$(inherited)",
				);
				GCC_WARN_64_TO_32_BIT_CONVERSION = YES;
				GCC_WARN_ABOUT_RETURN_TYPE = YES_ERROR;
				GCC_WARN_UNDECLARED_SELECTOR = YES;
				GCC_WARN_UNINITIALIZED_AUTOS = YES_AGGRESSIVE;
				GCC_WARN_UNUSED_FUNCTION = YES;
				GCC_WARN_UNUSED_VARIABLE = YES;
				IPHONEOS_DEPLOYMENT_TARGET = 16.2;
				MTL_ENABLE_DEBUG_INFO = INCLUDE_SOURCE;
				MTL_FAST_MATH = YES;
				ONLY_ACTIVE_ARCH = YES;
				SDKROOT = iphoneos;
				SWIFT_ACTIVE_COMPILATION_CONDITIONS = DEBUG;
				SWIFT_OPTIMIZATION_LEVEL = "-Onone";
			};
			name = Debug;
		};
		8052C8632A1D21B2000A7D7C /* Release */ = {
			isa = XCBuildConfiguration;
			buildSettings = {
				ALWAYS_SEARCH_USER_PATHS = NO;
				CLANG_ANALYZER_NONNULL = YES;
				CLANG_ANALYZER_NUMBER_OBJECT_CONVERSION = YES_AGGRESSIVE;
				CLANG_CXX_LANGUAGE_STANDARD = "gnu++20";
				CLANG_ENABLE_MODULES = YES;
				CLANG_ENABLE_OBJC_ARC = YES;
				CLANG_ENABLE_OBJC_WEAK = YES;
				CLANG_WARN_BLOCK_CAPTURE_AUTORELEASING = YES;
				CLANG_WARN_BOOL_CONVERSION = YES;
				CLANG_WARN_COMMA = YES;
				CLANG_WARN_CONSTANT_CONVERSION = YES;
				CLANG_WARN_DEPRECATED_OBJC_IMPLEMENTATIONS = YES;
				CLANG_WARN_DIRECT_OBJC_ISA_USAGE = YES_ERROR;
				CLANG_WARN_DOCUMENTATION_COMMENTS = YES;
				CLANG_WARN_EMPTY_BODY = YES;
				CLANG_WARN_ENUM_CONVERSION = YES;
				CLANG_WARN_INFINITE_RECURSION = YES;
				CLANG_WARN_INT_CONVERSION = YES;
				CLANG_WARN_NON_LITERAL_NULL_CONVERSION = YES;
				CLANG_WARN_OBJC_IMPLICIT_RETAIN_SELF = YES;
				CLANG_WARN_OBJC_LITERAL_CONVERSION = YES;
				CLANG_WARN_OBJC_ROOT_CLASS = YES_ERROR;
				CLANG_WARN_QUOTED_INCLUDE_IN_FRAMEWORK_HEADER = YES;
				CLANG_WARN_RANGE_LOOP_ANALYSIS = YES;
				CLANG_WARN_STRICT_PROTOTYPES = YES;
				CLANG_WARN_SUSPICIOUS_MOVE = YES;
				CLANG_WARN_UNGUARDED_AVAILABILITY = YES_AGGRESSIVE;
				CLANG_WARN_UNREACHABLE_CODE = YES;
				CLANG_WARN__DUPLICATE_METHOD_MATCH = YES;
				COPY_PHASE_STRIP = NO;
				DEBUG_INFORMATION_FORMAT = "dwarf-with-dsym";
				ENABLE_NS_ASSERTIONS = NO;
				ENABLE_STRICT_OBJC_MSGSEND = YES;
				GCC_C_LANGUAGE_STANDARD = gnu11;
				GCC_NO_COMMON_BLOCKS = YES;
				GCC_WARN_64_TO_32_BIT_CONVERSION = YES;
				GCC_WARN_ABOUT_RETURN_TYPE = YES_ERROR;
				GCC_WARN_UNDECLARED_SELECTOR = YES;
				GCC_WARN_UNINITIALIZED_AUTOS = YES_AGGRESSIVE;
				GCC_WARN_UNUSED_FUNCTION = YES;
				GCC_WARN_UNUSED_VARIABLE = YES;
				IPHONEOS_DEPLOYMENT_TARGET = 16.2;
				MTL_ENABLE_DEBUG_INFO = NO;
				MTL_FAST_MATH = YES;
				SDKROOT = iphoneos;
				SWIFT_COMPILATION_MODE = wholemodule;
				SWIFT_OPTIMIZATION_LEVEL = "-O";
				VALIDATE_PRODUCT = YES;
			};
			name = Release;
		};
		8052C8652A1D21B2000A7D7C /* Debug */ = {
			isa = XCBuildConfiguration;
			buildSettings = {
				ASSETCATALOG_COMPILER_APPICON_NAME = AppIcon;
				ASSETCATALOG_COMPILER_GLOBAL_ACCENT_COLOR_NAME = AccentColor;
				CODE_SIGN_STYLE = Automatic;
				CURRENT_PROJECT_VERSION = 1;
				DEVELOPMENT_ASSET_PATHS = "\"LumoDrin/Preview Content\"";
				DEVELOPMENT_TEAM = Y728PN6772;
				ENABLE_PREVIEWS = YES;
				GENERATE_INFOPLIST_FILE = YES;
				INFOPLIST_FILE = LumoDrin/Info.plist;
				INFOPLIST_KEY_UIApplicationSceneManifest_Generation = YES;
				INFOPLIST_KEY_UIApplicationSupportsIndirectInputEvents = YES;
				INFOPLIST_KEY_UILaunchScreen_Generation = YES;
				INFOPLIST_KEY_UISupportedInterfaceOrientations_iPad = "UIInterfaceOrientationPortrait UIInterfaceOrientationPortraitUpsideDown UIInterfaceOrientationLandscapeLeft UIInterfaceOrientationLandscapeRight";
				INFOPLIST_KEY_UISupportedInterfaceOrientations_iPhone = "UIInterfaceOrientationPortrait UIInterfaceOrientationLandscapeLeft UIInterfaceOrientationLandscapeRight";
				LD_RUNPATH_SEARCH_PATHS = (
					"$(inherited)",
					"@executable_path/Frameworks",
				);
				MARKETING_VERSION = 1.0;
				PRODUCT_BUNDLE_IDENTIFIER = com.lekamge.LumoDrin;
				PRODUCT_NAME = "$(TARGET_NAME)";
				SWIFT_EMIT_LOC_STRINGS = YES;
				SWIFT_VERSION = 5.0;
				TARGETED_DEVICE_FAMILY = "1,2";
			};
			name = Debug;
		};
		8052C8662A1D21B2000A7D7C /* Release */ = {
			isa = XCBuildConfiguration;
			buildSettings = {
				ASSETCATALOG_COMPILER_APPICON_NAME = AppIcon;
				ASSETCATALOG_COMPILER_GLOBAL_ACCENT_COLOR_NAME = AccentColor;
				CODE_SIGN_STYLE = Automatic;
				CURRENT_PROJECT_VERSION = 1;
				DEVELOPMENT_ASSET_PATHS = "\"LumoDrin/Preview Content\"";
				DEVELOPMENT_TEAM = Y728PN6772;
				ENABLE_PREVIEWS = YES;
				GENERATE_INFOPLIST_FILE = YES;
				INFOPLIST_FILE = LumoDrin/Info.plist;
				INFOPLIST_KEY_UIApplicationSceneManifest_Generation = YES;
				INFOPLIST_KEY_UIApplicationSupportsIndirectInputEvents = YES;
				INFOPLIST_KEY_UILaunchScreen_Generation = YES;
				INFOPLIST_KEY_UISupportedInterfaceOrientations_iPad = "UIInterfaceOrientationPortrait UIInterfaceOrientationPortraitUpsideDown UIInterfaceOrientationLandscapeLeft UIInterfaceOrientationLandscapeRight";
				INFOPLIST_KEY_UISupportedInterfaceOrientations_iPhone = "UIInterfaceOrientationPortrait UIInterfaceOrientationLandscapeLeft UIInterfaceOrientationLandscapeRight";
				LD_RUNPATH_SEARCH_PATHS = (
					"$(inherited)",
					"@executable_path/Frameworks",
				);
				MARKETING_VERSION = 1.0;
				PRODUCT_BUNDLE_IDENTIFIER = com.lekamge.LumoDrin;
				PRODUCT_NAME = "$(TARGET_NAME)";
				SWIFT_EMIT_LOC_STRINGS = YES;
				SWIFT_VERSION = 5.0;
				TARGETED_DEVICE_FAMILY = "1,2";
			};
			name = Release;
		};
		8052C8682A1D21B2000A7D7C /* Debug */ = {
			isa = XCBuildConfiguration;
			buildSettings = {
				ALWAYS_EMBED_SWIFT_STANDARD_LIBRARIES = YES;
				BUNDLE_LOADER = "$(TEST_HOST)";
				CODE_SIGN_STYLE = Automatic;
				CURRENT_PROJECT_VERSION = 1;
				DEVELOPMENT_TEAM = Y728PN6772;
				GENERATE_INFOPLIST_FILE = YES;
				IPHONEOS_DEPLOYMENT_TARGET = 16.2;
				MARKETING_VERSION = 1.0;
				PRODUCT_BUNDLE_IDENTIFIER = com.lekamge.LumoDrinTests;
				PRODUCT_NAME = "$(TARGET_NAME)";
				SWIFT_EMIT_LOC_STRINGS = NO;
				SWIFT_VERSION = 5.0;
				TARGETED_DEVICE_FAMILY = "1,2";
				TEST_HOST = "$(BUILT_PRODUCTS_DIR)/LumoDrin.app/$(BUNDLE_EXECUTABLE_FOLDER_PATH)/LumoDrin";
			};
			name = Debug;
		};
		8052C8692A1D21B2000A7D7C /* Release */ = {
			isa = XCBuildConfiguration;
			buildSettings = {
				ALWAYS_EMBED_SWIFT_STANDARD_LIBRARIES = YES;
				BUNDLE_LOADER = "$(TEST_HOST)";
				CODE_SIGN_STYLE = Automatic;
				CURRENT_PROJECT_VERSION = 1;
				DEVELOPMENT_TEAM = Y728PN6772;
				GENERATE_INFOPLIST_FILE = YES;
				IPHONEOS_DEPLOYMENT_TARGET = 16.2;
				MARKETING_VERSION = 1.0;
				PRODUCT_BUNDLE_IDENTIFIER = com.lekamge.LumoDrinTests;
				PRODUCT_NAME = "$(TARGET_NAME)";
				SWIFT_EMIT_LOC_STRINGS = NO;
				SWIFT_VERSION = 5.0;
				TARGETED_DEVICE_FAMILY = "1,2";
				TEST_HOST = "$(BUILT_PRODUCTS_DIR)/LumoDrin.app/$(BUNDLE_EXECUTABLE_FOLDER_PATH)/LumoDrin";
			};
			name = Release;
		};
		8052C86B2A1D21B2000A7D7C /* Debug */ = {
			isa = XCBuildConfiguration;
			buildSettings = {
				ALWAYS_EMBED_SWIFT_STANDARD_LIBRARIES = YES;
				CODE_SIGN_STYLE = Automatic;
				CURRENT_PROJECT_VERSION = 1;
				DEVELOPMENT_TEAM = Y728PN6772;
				GENERATE_INFOPLIST_FILE = YES;
				MARKETING_VERSION = 1.0;
				PRODUCT_BUNDLE_IDENTIFIER = com.lekamge.LumoDrinUITests;
				PRODUCT_NAME = "$(TARGET_NAME)";
				SWIFT_EMIT_LOC_STRINGS = NO;
				SWIFT_VERSION = 5.0;
				TARGETED_DEVICE_FAMILY = "1,2";
				TEST_TARGET_NAME = LumoDrin;
			};
			name = Debug;
		};
		8052C86C2A1D21B2000A7D7C /* Release */ = {
			isa = XCBuildConfiguration;
			buildSettings = {
				ALWAYS_EMBED_SWIFT_STANDARD_LIBRARIES = YES;
				CODE_SIGN_STYLE = Automatic;
				CURRENT_PROJECT_VERSION = 1;
				DEVELOPMENT_TEAM = Y728PN6772;
				GENERATE_INFOPLIST_FILE = YES;
				MARKETING_VERSION = 1.0;
				PRODUCT_BUNDLE_IDENTIFIER = com.lekamge.LumoDrinUITests;
				PRODUCT_NAME = "$(TARGET_NAME)";
				SWIFT_EMIT_LOC_STRINGS = NO;
				SWIFT_VERSION = 5.0;
				TARGETED_DEVICE_FAMILY = "1,2";
				TEST_TARGET_NAME = LumoDrin;
			};
			name = Release;
		};
/* End XCBuildConfiguration section */

/* Begin XCConfigurationList section */
		8052C83B2A1D21B1000A7D7C /* Build configuration list for PBXProject "LumoDrin" */ = {
			isa = XCConfigurationList;
			buildConfigurations = (
				8052C8622A1D21B2000A7D7C /* Debug */,
				8052C8632A1D21B2000A7D7C /* Release */,
			);
			defaultConfigurationIsVisible = 0;
			defaultConfigurationName = Release;
		};
		8052C8642A1D21B2000A7D7C /* Build configuration list for PBXNativeTarget "LumoDrin" */ = {
			isa = XCConfigurationList;
			buildConfigurations = (
				8052C8652A1D21B2000A7D7C /* Debug */,
				8052C8662A1D21B2000A7D7C /* Release */,
			);
			defaultConfigurationIsVisible = 0;
			defaultConfigurationName = Release;
		};
		8052C8672A1D21B2000A7D7C /* Build configuration list for PBXNativeTarget "LumoDrinTests" */ = {
			isa = XCConfigurationList;
			buildConfigurations = (
				8052C8682A1D21B2000A7D7C /* Debug */,
				8052C8692A1D21B2000A7D7C /* Release */,
			);
			defaultConfigurationIsVisible = 0;
			defaultConfigurationName = Release;
		};
		8052C86A2A1D21B2000A7D7C /* Build configuration list for PBXNativeTarget "LumoDrinUITests" */ = {
			isa = XCConfigurationList;
			buildConfigurations = (
				8052C86B2A1D21B2000A7D7C /* Debug */,
				8052C86C2A1D21B2000A7D7C /* Release */,
			);
			defaultConfigurationIsVisible = 0;
			defaultConfigurationName = Release;
		};
/* End XCConfigurationList section */
	};
	rootObject = 8052C8382A1D21B1000A7D7C /* Project object */;
}
